
Microsoft Visual Studio Solution File, Format Version 12.00
# Visual Studio Version 17
VisualStudioVersion = 17.9.34723.18
MinimumVisualStudioVersion = 10.0.40219.1
Project("{9A19103F-16F7-4668-BE54-9A1E7A4F7556}") = "Cake.Coveralls", "Cake.Coveralls\Cake.Coveralls.csproj", "{AB56EF4A-72DE-492D-A726-EF434F89D8F5}"
EndProject
Project("{9A19103F-16F7-4668-BE54-9A1E7A4F7556}") = "Cake.Coveralls.Tests", "Cake.Coveralls.Tests\Cake.Coveralls.Tests.csproj", "{11CDD706-2D9F-4B8E-B16C-599B173D87D4}"
EndProject
Project("{2150E333-8FDC-42A3-9474-1A3956D46DE8}") = "AppVeyor", "AppVeyor", "{52C01DCE-8C5F-4008-8739-B585B93A8DC5}"
	ProjectSection(SolutionItems) = preProject
		..\.appveyor.yml = ..\.appveyor.yml
	EndProjectSection
EndProject
Project("{2150E333-8FDC-42A3-9474-1A3956D46DE8}") = "BuildScripts", "BuildScripts", "{69FCB5A5-C6C1-4DC4-8823-909C5313D8D1}"
	ProjectSection(SolutionItems) = preProject
		..\build.ps1 = ..\build.ps1
		..\recipe.cake = ..\recipe.cake
	EndProjectSection
EndProject
Project("{2150E333-8FDC-42A3-9474-1A3956D46DE8}") = "Solution Items", "Solution Items", "{107F3091-C3A1-4A17-883D-79B1BBBFC294}"
	ProjectSection(SolutionItems) = preProject
		.editorconfig = .editorconfig
		Cake.Coveralls.ruleset = Cake.Coveralls.ruleset
	EndProjectSection
EndProject
Global
	GlobalSection(SolutionConfigurationPlatforms) = preSolution
		Debug|Any CPU = Debug|Any CPU
		Release|Any CPU = Release|Any CPU
	EndGlobalSection
	GlobalSection(ProjectConfigurationPlatforms) = postSolution
		{AB56EF4A-72DE-492D-A726-EF434F89D8F5}.Debug|Any CPU.ActiveCfg = Debug|Any CPU
		{AB56EF4A-72DE-492D-A726-EF434F89D8F5}.Debug|Any CPU.Build.0 = Debug|Any CPU
		{AB56EF4A-72DE-492D-A726-EF434F89D8F5}.Release|Any CPU.ActiveCfg = Release|Any CPU
		{AB56EF4A-72DE-492D-A726-EF434F89D8F5}.Release|Any CPU.Build.0 = Release|Any CPU
		{11CDD706-2D9F-4B8E-B16C-599B173D87D4}.Debug|Any CPU.ActiveCfg = Debug|Any CPU
		{11CDD706-2D9F-4B8E-B16C-599B173D87D4}.Debug|Any CPU.Build.0 = Debug|Any CPU
		{11CDD706-2D9F-4B8E-B16C-599B173D87D4}.Release|Any CPU.ActiveCfg = Release|Any CPU
		{11CDD706-2D9F-4B8E-B16C-599B173D87D4}.Release|Any CPU.Build.0 = Release|Any CPU
	EndGlobalSection
	GlobalSection(SolutionProperties) = preSolution
		HideSolutionNode = FALSE
	EndGlobalSection
	GlobalSection(ExtensibilityGlobals) = postSolution
		SolutionGuid = {B46EA3C3-31A9-4CF5-8772-F8D76EFD435A}
	EndGlobalSection
EndGlobal
